// !$*UTF8*$!
{
	archiveVersion = 1;
	classes = {
	};
	objectVersion = 50;
	objects = {

/* Begin PBXBuildFile section */
		ED86058325DF754000FC8B70 /* AppDelegate.swift in Sources */ = {isa = PBXBuildFile; fileRef = ED86058225DF754000FC8B70 /* AppDelegate.swift */; };
		ED86058525DF754000FC8B70 /* SceneDelegate.swift in Sources */ = {isa = PBXBuildFile; fileRef = ED86058425DF754000FC8B70 /* SceneDelegate.swift */; };
		ED86058725DF754000FC8B70 /* ViewController.swift in Sources */ = {isa = PBXBuildFile; fileRef = ED86058625DF754000FC8B70 /* ViewController.swift */; };
		ED86058A25DF754000FC8B70 /* Main.storyboard in Resources */ = {isa = PBXBuildFile; fileRef = ED86058825DF754000FC8B70 /* Main.storyboard */; };
		ED86058C25DF756200FC8B70 /* Assets.xcassets in Resources */ = {isa = PBXBuildFile; fileRef = ED86058B25DF756200FC8B70 /* Assets.xcassets */; };
		ED86058F25DF756200FC8B70 /* LaunchScreen.storyboard in Resources */ = {isa = PBXBuildFile; fileRef = ED86058D25DF756200FC8B70 /* LaunchScreen.storyboard */; };
		ED86059825DFADCA00FC8B70 /* dataModel.swift in Sources */ = {isa = PBXBuildFile; fileRef = ED86059725DFADCA00FC8B70 /* dataModel.swift */; };
		ED86059B25DFAF3A00FC8B70 /* dataStructure.swift in Sources */ = {isa = PBXBuildFile; fileRef = ED86059A25DFAF3A00FC8B70 /* dataStructure.swift */; };
		ED86059E25E388E900FC8B70 /* OuterTableTableViewCell.swift in Sources */ = {isa = PBXBuildFile; fileRef = ED86059D25E388E900FC8B70 /* OuterTableTableViewCell.swift */; };
		ED8605A125E3A76700FC8B70 /* InnerTableTableViewCell.swift in Sources */ = {isa = PBXBuildFile; fileRef = ED8605A025E3A76700FC8B70 /* InnerTableTableViewCell.swift */; };
/* End PBXBuildFile section */

/* Begin PBXFileReference section */
		ED86057F25DF754000FC8B70 /* ContentSizedInnerTable.app */ = {isa = PBXFileReference; explicitFileType = wrapper.application; includeInIndex = 0; path = ContentSizedInnerTable.app; sourceTree = BUILT_PRODUCTS_DIR; };
		ED86058225DF754000FC8B70 /* AppDelegate.swift */ = {isa = PBXFileReference; lastKnownFileType = sourcecode.swift; path = AppDelegate.swift; sourceTree = "<group>"; };
		ED86058425DF754000FC8B70 /* SceneDelegate.swift */ = {isa = PBXFileReference; lastKnownFileType = sourcecode.swift; path = SceneDelegate.swift; sourceTree = "<group>"; };
		ED86058625DF754000FC8B70 /* ViewController.swift */ = {isa = PBXFileReference; lastKnownFileType = sourcecode.swift; path = ViewController.swift; sourceTree = "<group>"; };
		ED86058925DF754000FC8B70 /* Base */ = {isa = PBXFileReference; lastKnownFileType = file.storyboard; name = Base; path = Base.lproj/Main.storyboard; sourceTree = "<group>"; };
		ED86058B25DF756200FC8B70 /* Assets.xcassets */ = {isa = PBXFileReference; lastKnownFileType = folder.assetcatalog; path = Assets.xcassets; sourceTree = "<group>"; };
		ED86058E25DF756200FC8B70 /* Base */ = {isa = PBXFileReference; lastKnownFileType = file.storyboard; name = Base; path = Base.lproj/LaunchScreen.storyboard; sourceTree = "<group>"; };
		ED86059025DF756200FC8B70 /* Info.plist */ = {isa = PBXFileReference; lastKnownFileType = text.plist.xml; path = Info.plist; sourceTree = "<group>"; };
		ED86059725DFADCA00FC8B70 /* dataModel.swift */ = {isa = PBXFileReference; lastKnownFileType = sourcecode.swift; path = dataModel.swift; sourceTree = "<group>"; };
		ED86059A25DFAF3A00FC8B70 /* dataStructure.swift */ = {isa = PBXFileReference; lastKnownFileType = sourcecode.swift; path = dataStructure.swift; sourceTree = "<group>"; };
		ED86059D25E388E900FC8B70 /* OuterTableTableViewCell.swift */ = {isa = PBXFileReference; lastKnownFileType = sourcecode.swift; path = OuterTableTableViewCell.swift; sourceTree = "<group>"; };
		ED8605A025E3A76700FC8B70 /* InnerTableTableViewCell.swift */ = {isa = PBXFileReference; lastKnownFileType = sourcecode.swift; path = InnerTableTableViewCell.swift; sourceTree = "<group>"; };
/* End PBXFileReference section */

/* Begin PBXFrameworksBuildPhase section */
		ED86057C25DF754000FC8B70 /* Frameworks */ = {
			isa = PBXFrameworksBuildPhase;
			buildActionMask = 2147483647;
			files = (
			);
			runOnlyForDeploymentPostprocessing = 0;
		};
/* End PBXFrameworksBuildPhase section */

/* Begin PBXGroup section */
		ED86057625DF754000FC8B70 = {
			isa = PBXGroup;
			children = (
				ED86058125DF754000FC8B70 /* ContentSizedInnerTable */,
				ED86058025DF754000FC8B70 /* Products */,
			);
			sourceTree = "<group>";
		};
		ED86058025DF754000FC8B70 /* Products */ = {
			isa = PBXGroup;
			children = (
				ED86057F25DF754000FC8B70 /* ContentSizedInnerTable.app */,
			);
			name = Products;
			sourceTree = "<group>";
		};
		ED86058125DF754000FC8B70 /* ContentSizedInnerTable */ = {
			isa = PBXGroup;
			children = (
				ED86058225DF754000FC8B70 /* AppDelegate.swift */,
				ED86058425DF754000FC8B70 /* SceneDelegate.swift */,
				ED86058625DF754000FC8B70 /* ViewController.swift */,
				ED86058825DF754000FC8B70 /* Main.storyboard */,
				ED86058B25DF756200FC8B70 /* Assets.xcassets */,
				ED86058D25DF756200FC8B70 /* LaunchScreen.storyboard */,
				ED86059025DF756200FC8B70 /* Info.plist */,
				ED86059725DFADCA00FC8B70 /* dataModel.swift */,
				ED86059A25DFAF3A00FC8B70 /* dataStructure.swift */,
				ED86059D25E388E900FC8B70 /* OuterTableTableViewCell.swift */,
				ED8605A025E3A76700FC8B70 /* InnerTableTableViewCell.swift */,
			);
			path = ContentSizedInnerTable;
			sourceTree = "<group>";
		};
/* End PBXGroup section */

/* Begin PBXNativeTarget section */
		ED86057E25DF754000FC8B70 /* ContentSizedInnerTable */ = {
			isa = PBXNativeTarget;
			buildConfigurationList = ED86059325DF756200FC8B70 /* Build configuration list for PBXNativeTarget "ContentSizedInnerTable" */;
			buildPhases = (
				ED86057B25DF754000FC8B70 /* Sources */,
				ED86057C25DF754000FC8B70 /* Frameworks */,
				ED86057D25DF754000FC8B70 /* Resources */,
			);
			buildRules = (
			);
			dependencies = (
			);
			name = ContentSizedInnerTable;
			productName = ContentSizedInnerTable;
			productReference = ED86057F25DF754000FC8B70 /* ContentSizedInnerTable.app */;
			productType = "com.apple.product-type.application";
		};
/* End PBXNativeTarget section */

/* Begin PBXProject section */
		ED86057725DF754000FC8B70 /* Project object */ = {
			isa = PBXProject;
			attributes = {
				LastSwiftUpdateCheck = 1220;
				LastUpgradeCheck = 1220;
				TargetAttributes = {
					ED86057E25DF754000FC8B70 = {
						CreatedOnToolsVersion = 12.2;
					};
				};
			};
			buildConfigurationList = ED86057A25DF754000FC8B70 /* Build configuration list for PBXProject "ContentSizedInnerTable" */;
			compatibilityVersion = "Xcode 9.3";
			developmentRegion = en;
			hasScannedForEncodings = 0;
			knownRegions = (
				en,
				Base,
			);
			mainGroup = ED86057625DF754000FC8B70;
			productRefGroup = ED86058025DF754000FC8B70 /* Products */;
			projectDirPath = "";
			projectRoot = "";
			targets = (
				ED86057E25DF754000FC8B70 /* ContentSizedInnerTable */,
			);
		};
/* End PBXProject section */

/* Begin PBXResourcesBuildPhase section */
		ED86057D25DF754000FC8B70 /* Resources */ = {
			isa = PBXResourcesBuildPhase;
			buildActionMask = 2147483647;
			files = (
				ED86058F25DF756200FC8B70 /* LaunchScreen.storyboard in Resources */,
				ED86058C25DF756200FC8B70 /* Assets.xcassets in Resources */,
				ED86058A25DF754000FC8B70 /* Main.storyboard in Resources */,
			);
			runOnlyForDeploymentPostprocessing = 0;
		};
/* End PBXResourcesBuildPhase section */

/* Begin PBXSourcesBuildPhase section */
		ED86057B25DF754000FC8B70 /* Sources */ = {
			isa = PBXSourcesBuildPhase;
			buildActionMask = 2147483647;
			files = (
				ED86058725DF754000FC8B70 /* ViewController.swift in Sources */,
				ED86059825DFADCA00FC8B70 /* dataModel.swift in Sources */,
				ED86058325DF754000FC8B70 /* AppDelegate.swift in Sources */,
				ED86059B25DFAF3A00FC8B70 /* dataStructure.swift in Sources */,
				ED8605A125E3A76700FC8B70 /* InnerTableTableViewCell.swift in Sources */,
				ED86059E25E388E900FC8B70 /* OuterTableTableViewCell.swift in Sources */,
				ED86058525DF754000FC8B70 /* SceneDelegate.swift in Sources */,
			);
			runOnlyForDeploymentPostprocessing = 0;
		};
/* End PBXSourcesBuildPhase section */

/* Begin PBXVariantGroup section */
		ED86058825DF754000FC8B70 /* Main.storyboard */ = {
			isa = PBXVariantGroup;
			children = (
				ED86058925DF754000FC8B70 /* Base */,
			);
			name = Main.storyboard;
			sourceTree = "<group>";
		};
		ED86058D25DF756200FC8B70 /* LaunchScreen.storyboard */ = {
			isa = PBXVariantGroup;
			children = (
				ED86058E25DF756200FC8B70 /* Base */,
			);
			name = LaunchScreen.storyboard;
			sourceTree = "<group>";
		};
/* End PBXVariantGroup section */

/* Begin XCBuildConfiguration section */
		ED86059125DF756200FC8B70 /* Debug */ = {
			isa = XCBuildConfiguration;
			buildSettings = {
				ALWAYS_SEARCH_USER_PATHS = NO;
				CLANG_ANALYZER_NONNULL = YES;
				CLANG_ANALYZER_NUMBER_OBJECT_CONVERSION = YES_AGGRESSIVE;
				CLANG_CXX_LANGUAGE_STANDARD = "gnu++14";
				CLANG_CXX_LIBRARY = "libc++";
				CLANG_ENABLE_MODULES = YES;
				CLANG_ENABLE_OBJC_ARC = YES;
				CLANG_ENABLE_OBJC_WEAK = YES;
				CLANG_WARN_BLOCK_CAPTURE_AUTORELEASING = YES;
				CLANG_WARN_BOOL_CONVERSION = YES;
				CLANG_WARN_COMMA = YES;
				CLANG_WARN_CONSTANT_CONVERSION = YES;
				CLANG_WARN_DEPRECATED_OBJC_IMPLEMENTATIONS = YES;
				CLANG_WARN_DIRECT_OBJC_ISA_USAGE = YES_ERROR;
				CLANG_WARN_DOCUMENTATION_COMMENTS = YES;
				CLANG_WARN_EMPTY_BODY = YES;
				CLANG_WARN_ENUM_CONVERSION = YES;
				CLANG_WARN_INFINITE_RECURSION = YES;
				CLANG_WARN_INT_CONVERSION = YES;
				CLANG_WARN_NON_LITERAL_NULL_CONVERSION = YES;
				CLANG_WARN_OBJC_IMPLICIT_RETAIN_SELF = YES;
				CLANG_WARN_OBJC_LITERAL_CONVERSION = YES;
				CLANG_WARN_OBJC_ROOT_CLASS = YES_ERROR;
				CLANG_WARN_QUOTED_INCLUDE_IN_FRAMEWORK_HEADER = YES;
				CLANG_WARN_RANGE_LOOP_ANALYSIS = YES;
				CLANG_WARN_STRICT_PROTOTYPES = YES;
				CLANG_WARN_SUSPICIOUS_MOVE = YES;
				CLANG_WARN_UNGUARDED_AVAILABILITY = YES_AGGRESSIVE;
				CLANG_WARN_UNREACHABLE_CODE = YES;
				CLANG_WARN__DUPLICATE_METHOD_MATCH = YES;
				COPY_PHASE_STRIP = NO;
				DEBUG_INFORMATION_FORMAT = dwarf;
				ENABLE_STRICT_OBJC_MSGSEND = YES;
				ENABLE_TESTABILITY = YES;
				GCC_C_LANGUAGE_STANDARD = gnu11;
				GCC_DYNAMIC_NO_PIC = NO;
				GCC_NO_COMMON_BLOCKS = YES;
				GCC_OPTIMIZATION_LEVEL = 0;
				GCC_PREPROCESSOR_DEFINITIONS = (
					"DEBUG=1",
					"$(inherited)",
				);
				GCC_WARN_64_TO_32_BIT_CONVERSION = YES;
				GCC_WARN_ABOUT_RETURN_TYPE = YES_ERROR;
				GCC_WARN_UNDECLARED_SELECTOR = YES;
				GCC_WARN_UNINITIALIZED_AUTOS = YES_AGGRESSIVE;
				GCC_WARN_UNUSED_FUNCTION = YES;
				GCC_WARN_UNUSED_VARIABLE = YES;
				IPHONEOS_DEPLOYMENT_TARGET = 14.2;
				MTL_ENABLE_DEBUG_INFO = INCLUDE_SOURCE;
				MTL_FAST_MATH = YES;
				ONLY_ACTIVE_ARCH = YES;
				SDKROOT = iphoneos;
				SWIFT_ACTIVE_COMPILATION_CONDITIONS = DEBUG;
				SWIFT_OPTIMIZATION_LEVEL = "-Onone";
			};
			name = Debug;
		};
		ED86059225DF756200FC8B70 /* Release */ = {
			isa = XCBuildConfiguration;
			buildSettings = {
				ALWAYS_SEARCH_USER_PATHS = NO;
				CLANG_ANALYZER_NONNULL = YES;
				CLANG_ANALYZER_NUMBER_OBJECT_CONVERSION = YES_AGGRESSIVE;
				CLANG_CXX_LANGUAGE_STANDARD = "gnu++14";
				CLANG_CXX_LIBRARY = "libc++";
				CLANG_ENABLE_MODULES = YES;
				CLANG_ENABLE_OBJC_ARC = YES;
				CLANG_ENABLE_OBJC_WEAK = YES;
				CLANG_WARN_BLOCK_CAPTURE_AUTORELEASING = YES;
				CLANG_WARN_BOOL_CONVERSION = YES;
				CLANG_WARN_COMMA = YES;
				CLANG_WARN_CONSTANT_CONVERSION = YES;
				CLANG_WARN_DEPRECATED_OBJC_IMPLEMENTATIONS = YES;
				CLANG_WARN_DIRECT_OBJC_ISA_USAGE = YES_ERROR;
				CLANG_WARN_DOCUMENTATION_COMMENTS = YES;
				CLANG_WARN_EMPTY_BODY = YES;
				CLANG_WARN_ENUM_CONVERSION = YES;
				CLANG_WARN_INFINITE_RECURSION = YES;
				CLANG_WARN_INT_CONVERSION = YES;
				CLANG_WARN_NON_LITERAL_NULL_CONVERSION = YES;
				CLANG_WARN_OBJC_IMPLICIT_RETAIN_SELF = YES;
				CLANG_WARN_OBJC_LITERAL_CONVERSION = YES;
				CLANG_WARN_OBJC_ROOT_CLASS = YES_ERROR;
				CLANG_WARN_QUOTED_INCLUDE_IN_FRAMEWORK_HEADER = YES;
				CLANG_WARN_RANGE_LOOP_ANALYSIS = YES;
				CLANG_WARN_STRICT_PROTOTYPES = YES;
				CLANG_WARN_SUSPICIOUS_MOVE = YES;
				CLANG_WARN_UNGUARDED_AVAILABILITY = YES_AGGRESSIVE;
				CLANG_WARN_UNREACHABLE_CODE = YES;
				CLANG_WARN__DUPLICATE_METHOD_MATCH = YES;
				COPY_PHASE_STRIP = NO;
				DEBUG_INFORMATION_FORMAT = "dwarf-with-dsym";
				ENABLE_NS_ASSERTIONS = NO;
				ENABLE_STRICT_OBJC_MSGSEND = YES;
				GCC_C_LANGUAGE_STANDARD = gnu11;
				GCC_NO_COMMON_BLOCKS = YES;
				GCC_WARN_64_TO_32_BIT_CONVERSION = YES;
				GCC_WARN_ABOUT_RETURN_TYPE = YES_ERROR;
				GCC_WARN_UNDECLARED_SELECTOR = YES;
				GCC_WARN_UNINITIALIZED_AUTOS = YES_AGGRESSIVE;
				GCC_WARN_UNUSED_FUNCTION = YES;
				GCC_WARN_UNUSED_VARIABLE = YES;
				IPHONEOS_DEPLOYMENT_TARGET = 14.2;
				MTL_ENABLE_DEBUG_INFO = NO;
				MTL_FAST_MATH = YES;
				SDKROOT = iphoneos;
				SWIFT_COMPILATION_MODE = wholemodule;
				SWIFT_OPTIMIZATION_LEVEL = "-O";
				VALIDATE_PRODUCT = YES;
			};
			name = Release;
		};
		ED86059425DF756200FC8B70 /* Debug */ = {
			isa = XCBuildConfiguration;
			buildSettings = {
				ASSETCATALOG_COMPILER_APPICON_NAME = AppIcon;
				ASSETCATALOG_COMPILER_GLOBAL_ACCENT_COLOR_NAME = AccentColor;
				CODE_SIGN_STYLE = Automatic;
				DEVELOPMENT_TEAM = 3LGQ2L33H6;
				INFOPLIST_FILE = ContentSizedInnerTable/Info.plist;
				LD_RUNPATH_SEARCH_PATHS = (
					"$(inherited)",
					"@executable_path/Frameworks",
				);
				PRODUCT_BUNDLE_IDENTIFIER = rocks.fernandohar.ContentSizedInnerTable;
				PRODUCT_NAME = "$(TARGET_NAME)";
				SWIFT_VERSION = 5.0;
				TARGETED_DEVICE_FAMILY = "1,2";
			};
			name = Debug;
		};
		ED86059525DF756200FC8B70 /* Release */ = {
			isa = XCBuildConfiguration;
			buildSettings = {
				ASSETCATALOG_COMPILER_APPICON_NAME = AppIcon;
				ASSETCATALOG_COMPILER_GLOBAL_ACCENT_COLOR_NAME = AccentColor;
				CODE_SIGN_STYLE = Automatic;
				DEVELOPMENT_TEAM = 3LGQ2L33H6;
				INFOPLIST_FILE = ContentSizedInnerTable/Info.plist;
				LD_RUNPATH_SEARCH_PATHS = (
					"$(inherited)",
					"@executable_path/Frameworks",
				);
				PRODUCT_BUNDLE_IDENTIFIER = rocks.fernandohar.ContentSizedInnerTable;
				PRODUCT_NAME = "$(TARGET_NAME)";
				SWIFT_VERSION = 5.0;
				TARGETED_DEVICE_FAMILY = "1,2";
			};
			name = Release;
		};
/* End XCBuildConfiguration section */

/* Begin XCConfigurationList section */
		ED86057A25DF754000FC8B70 /* Build configuration list for PBXProject "ContentSizedInnerTable" */ = {
			isa = XCConfigurationList;
			buildConfigurations = (
				ED86059125DF756200FC8B70 /* Debug */,
				ED86059225DF756200FC8B70 /* Release */,
			);
			defaultConfigurationIsVisible = 0;
			defaultConfigurationName = Release;
		};
		ED86059325DF756200FC8B70 /* Build configuration list for PBXNativeTarget "ContentSizedInnerTable" */ = {
			isa = XCConfigurationList;
			buildConfigurations = (
				ED86059425DF756200FC8B70 /* Debug */,
				ED86059525DF756200FC8B70 /* Release */,
			);
			defaultConfigurationIsVisible = 0;
			defaultConfigurationName = Release;
		};
/* End XCConfigurationList section */
	};
	rootObject = ED86057725DF754000FC8B70 /* Project object */;
}
